github.com/davecgh/go-spew v1.1.1 h1:vj9j/u1bqnvCEfJOwUhtlOARqs3+rkHYY13jYWTU97c=
github.com/davecgh/go-spew v1.1.1/go.mod h1:J7Y8YcW2NihsgmVo/mv3lAwl/skON4iLHjSsI+c5H38=
github.com/klauspost/compress v1.15.4 h1:1kn4/7MepF/CHmYub99/nNX8az0IJjfSOU/jbnTVfqQ=
github.com/klauspost/compress v1.15.4/go.mod h1:PhcZ0MbTNciWF3rruxRgKxI5NkcHHrHUDtV4Yw2GlzU=
github.com/klauspost/compress v1.16.0 h1:iULayQNOReoYUe+1qtKOqw9CwJv3aNQu8ivo7lw1HU4=
github.com/klauspost/compress v1.16.0/go.mod h1:ntbaceVETuRiXiv4DpjP66DpAtAGkEQskQzEyD//IeE=
github.com/minetest-go/colormapping v1.0.1 h1:RF6sFd59QuTkm0G3iMXlj3Leg+ZHRps+fY/j+FXsD5Q=
github.com/minetest-go/colormapping v1.0.1/go.mod h1:arMBjO6+z8+yhLvrsX4tCnYq5fzGcPFUOj/4Xb78Ktc=
github.com/minetest-go/mapparser v0.1.3 h1:mjQ+dXiLd3PPwtsf9QOQY6ZN16dHmFwC/eHynr8NZlA=
github.com/minetest-go/mapparser v0.1.3/go.mod h1:TcjEkPY9n0rBM+beSstw+Jje8nGl+LqFhiC00J6ihNw=
github.com/minetest-go/mapparser v0.1.9 h1:mGjRwA2twJRyzSrYuJWvyNpEkO469K/Qun327v8rhwE=
github.com/minetest-go/mapparser v0.1.9/go.mod h1:zE+JdqiicINR+kzZ4gS6BBh+vLVPQSwkYiEkG0A1Cys=
github.com/minetest-go/types v1.0.1 h1:vGNyfmdgOEDAy2HVMCjQ2AU/FlmxfZ0IFre6FQKVvfY=
github.com/minetest-go/types v1.0.1/go.mod h1:QS2q8tKAiuBe2Rin880ARFt9VokYIJNZV4Z4kHAChU0=
github.com/pmezard/go-difflib v1.0.0 h1:4DBwDE0NGyQoBHbLQYPwSUPoCMWR5BEzIk/f1lZbAQM=
github.com/pmezard/go-difflib v1.0.0/go.mod h1:iKH77koFhYxTK1pcRnkKkqfTogsbg7gZNVY4sRDYZ/4=
github.com/stretchr/testify v1.9.0 h1:HtqpIVDClZ4nwg75+f6Lvsy/wHu+3BoSGCbBAcpTsTg=
github.com/stretchr/testify v1.9.0/go.mod h1:r2ic/lqez/lEtzL7wO/rwa5dbSLXVDPFyf8C91i36aY=
gopkg.in/check.v1 v0.0.0-20161208181325-20d25e280405 h1:yhCVgyC4o1eVCa2tZl7eS0r+SDo693bJlVdllGtEeKM=
gopkg.in/check.v1 v0.0.0-20161208181325-20d25e280405/go.mod h1:Co6ibVJAznAaIkqp8huTwlJQCZ016jof/cbN4VW5Yz0=
gopkg.in/yaml.v3 v3.0.1 h1:fxVm/GzAzEWqLHuvctI91KS9hhNmmWOoWu0XTYJS7CA=
gopkg.in/yaml.v3 v3.0.1/go.mod h1:K4uyk7z7BCEPqu6E+C64Yfv1cQ7kz7rIZviUmN+EgEM=
